
Microsoft Visual Studio Solution File, Format Version 12.00
# Visual Studio Version 17
VisualStudioVersion = 17.5.002.0
MinimumVisualStudioVersion = 10.0.40219.1
Project("{9A19103F-16F7-4668-BE54-9A1E7A4F7556}") = "EntreEmpregos.Api", "EntreEmpregos.Api.csproj", "{D976B32C-E078-4623-AD2A-B58ADFCF2355}"
EndProject
Global
	GlobalSection(SolutionConfigurationPlatforms) = preSolution
		Debug|Any CPU = Debug|Any CPU
		Release|Any CPU = Release|Any CPU
	EndGlobalSection
	GlobalSection(ProjectConfigurationPlatforms) = postSolution
		{D976B32C-E078-4623-AD2A-B58ADFCF2355}.Debug|Any CPU.ActiveCfg = Debug|Any CPU
		{D976B32C-E078-4623-AD2A-B58ADFCF2355}.Debug|Any CPU.Build.0 = Debug|Any CPU
		{D976B32C-E078-4623-AD2A-B58ADFCF2355}.Release|Any CPU.ActiveCfg = Release|Any CPU
		{D976B32C-E078-4623-AD2A-B58ADFCF2355}.Release|Any CPU.Build.0 = Release|Any CPU
	EndGlobalSection
	GlobalSection(SolutionProperties) = preSolution
		HideSolutionNode = FALSE
	EndGlobalSection
	GlobalSection(ExtensibilityGlobals) = postSolution
		SolutionGuid = {858859CA-7EAF-4264-9C93-1B90A2CFDC74}
	EndGlobalSection
EndGlobal
